// !$*UTF8*$!
{
	archiveVersion = 1;
	classes = {
	};
	objectVersion = 46;
	objects = {

/* Begin PBXBuildFile section */
		4A15C3DF1ADDD217004EBEC3 /* AppDelegate.swift in Sources */ = {isa = PBXBuildFile; fileRef = 4A15C3DE1ADDD217004EBEC3 /* AppDelegate.swift */; };
		4A15C3E21ADDD217004EBEC3 /* Zachary_Shakked.xcdatamodeld in Sources */ = {isa = PBXBuildFile; fileRef = 4A15C3E01ADDD217004EBEC3 /* Zachary_Shakked.xcdatamodeld */; };
		4A15C3E41ADDD217004EBEC3 /* ViewController.swift in Sources */ = {isa = PBXBuildFile; fileRef = 4A15C3E31ADDD217004EBEC3 /* ViewController.swift */; };
		4A15C3E91ADDD217004EBEC3 /* Images.xcassets in Resources */ = {isa = PBXBuildFile; fileRef = 4A15C3E81ADDD217004EBEC3 /* Images.xcassets */; };
		4A15C3EC1ADDD217004EBEC3 /* LaunchScreen.xib in Resources */ = {isa = PBXBuildFile; fileRef = 4A15C3EA1ADDD217004EBEC3 /* LaunchScreen.xib */; };
		4A15C3F81ADDD217004EBEC3 /* Zachary_ShakkedTests.swift in Sources */ = {isa = PBXBuildFile; fileRef = 4A15C3F71ADDD217004EBEC3 /* Zachary_ShakkedTests.swift */; };
		4A15C4021ADDD8FA004EBEC3 /* ZSSHomeViewController.swift in Sources */ = {isa = PBXBuildFile; fileRef = 4A15C4011ADDD8FA004EBEC3 /* ZSSHomeViewController.swift */; };
		4A15C4041ADDD924004EBEC3 /* ZSSBall.swift in Sources */ = {isa = PBXBuildFile; fileRef = 4A15C4031ADDD924004EBEC3 /* ZSSBall.swift */; };
		4A668BE61ADF25E10093CBF7 /* UIColor+Hex.swift in Sources */ = {isa = PBXBuildFile; fileRef = 4A668BE51ADF25E10093CBF7 /* UIColor+Hex.swift */; };
/* End PBXBuildFile section */

/* Begin PBXContainerItemProxy section */
		4A15C3F21ADDD217004EBEC3 /* PBXContainerItemProxy */ = {
			isa = PBXContainerItemProxy;
			containerPortal = 4A15C3D11ADDD217004EBEC3 /* Project object */;
			proxyType = 1;
			remoteGlobalIDString = 4A15C3D81ADDD217004EBEC3;
			remoteInfo = "Zachary Shakked";
		};
/* End PBXContainerItemProxy section */

/* Begin PBXFileReference section */
		4A15C3D91ADDD217004EBEC3 /* Zachary Shakked.app */ = {isa = PBXFileReference; explicitFileType = wrapper.application; includeInIndex = 0; path = "Zachary Shakked.app"; sourceTree = BUILT_PRODUCTS_DIR; };
		4A15C3DD1ADDD217004EBEC3 /* Info.plist */ = {isa = PBXFileReference; lastKnownFileType = text.plist.xml; path = Info.plist; sourceTree = "<group>"; };
		4A15C3DE1ADDD217004EBEC3 /* AppDelegate.swift */ = {isa = PBXFileReference; lastKnownFileType = sourcecode.swift; path = AppDelegate.swift; sourceTree = "<group>"; };
		4A15C3E11ADDD217004EBEC3 /* Zachary_Shakked.xcdatamodel */ = {isa = PBXFileReference; lastKnownFileType = wrapper.xcdatamodel; path = Zachary_Shakked.xcdatamodel; sourceTree = "<group>"; };
		4A15C3E31ADDD217004EBEC3 /* ViewController.swift */ = {isa = PBXFileReference; lastKnownFileType = sourcecode.swift; path = ViewController.swift; sourceTree = "<group>"; };
		4A15C3E81ADDD217004EBEC3 /* Images.xcassets */ = {isa = PBXFileReference; lastKnownFileType = folder.assetcatalog; path = Images.xcassets; sourceTree = "<group>"; };
		4A15C3EB1ADDD217004EBEC3 /* Base */ = {isa = PBXFileReference; lastKnownFileType = file.xib; name = Base; path = Base.lproj/LaunchScreen.xib; sourceTree = "<group>"; };
		4A15C3F11ADDD217004EBEC3 /* Zachary ShakkedTests.xctest */ = {isa = PBXFileReference; explicitFileType = wrapper.cfbundle; includeInIndex = 0; path = "Zachary ShakkedTests.xctest"; sourceTree = BUILT_PRODUCTS_DIR; };
		4A15C3F61ADDD217004EBEC3 /* Info.plist */ = {isa = PBXFileReference; lastKnownFileType = text.plist.xml; path = Info.plist; sourceTree = "<group>"; };
		4A15C3F71ADDD217004EBEC3 /* Zachary_ShakkedTests.swift */ = {isa = PBXFileReference; lastKnownFileType = sourcecode.swift; path = Zachary_ShakkedTests.swift; sourceTree = "<group>"; };
		4A15C4011ADDD8FA004EBEC3 /* ZSSHomeViewController.swift */ = {isa = PBXFileReference; fileEncoding = 4; lastKnownFileType = sourcecode.swift; path = ZSSHomeViewController.swift; sourceTree = "<group>"; };
		4A15C4031ADDD924004EBEC3 /* ZSSBall.swift */ = {isa = PBXFileReference; fileEncoding = 4; lastKnownFileType = sourcecode.swift; path = ZSSBall.swift; sourceTree = "<group>"; };
		4A668BE51ADF25E10093CBF7 /* UIColor+Hex.swift */ = {isa = PBXFileReference; fileEncoding = 4; lastKnownFileType = sourcecode.swift; name = "UIColor+Hex.swift"; path = "Zachary Shakked.xcodeproj/../UIColor+Hex.swift"; sourceTree = SOURCE_ROOT; };
/* End PBXFileReference section */

/* Begin PBXFrameworksBuildPhase section */
		4A15C3D61ADDD217004EBEC3 /* Frameworks */ = {
			isa = PBXFrameworksBuildPhase;
			buildActionMask = 2147483647;
			files = (
			);
			runOnlyForDeploymentPostprocessing = 0;
		};
		4A15C3EE1ADDD217004EBEC3 /* Frameworks */ = {
			isa = PBXFrameworksBuildPhase;
			buildActionMask = 2147483647;
			files = (
			);
			runOnlyForDeploymentPostprocessing = 0;
		};
/* End PBXFrameworksBuildPhase section */

/* Begin PBXGroup section */
		4A15C3D01ADDD217004EBEC3 = {
			isa = PBXGroup;
			children = (
				4A15C3DB1ADDD217004EBEC3 /* Zachary Shakked */,
				4A15C3F41ADDD217004EBEC3 /* Zachary ShakkedTests */,
				4A15C3DA1ADDD217004EBEC3 /* Products */,
			);
			sourceTree = "<group>";
		};
		4A15C3DA1ADDD217004EBEC3 /* Products */ = {
			isa = PBXGroup;
			children = (
				4A15C3D91ADDD217004EBEC3 /* Zachary Shakked.app */,
				4A15C3F11ADDD217004EBEC3 /* Zachary ShakkedTests.xctest */,
			);
			name = Products;
			sourceTree = "<group>";
		};
		4A15C3DB1ADDD217004EBEC3 /* Zachary Shakked */ = {
			isa = PBXGroup;
			children = (
				4A15C3DE1ADDD217004EBEC3 /* AppDelegate.swift */,
				4A15C3E31ADDD217004EBEC3 /* ViewController.swift */,
				4A668BE51ADF25E10093CBF7 /* UIColor+Hex.swift */,
				4A15C4011ADDD8FA004EBEC3 /* ZSSHomeViewController.swift */,
				4A15C4031ADDD924004EBEC3 /* ZSSBall.swift */,
				4A15C3E81ADDD217004EBEC3 /* Images.xcassets */,
				4A15C3EA1ADDD217004EBEC3 /* LaunchScreen.xib */,
				4A15C3E01ADDD217004EBEC3 /* Zachary_Shakked.xcdatamodeld */,
				4A15C3DC1ADDD217004EBEC3 /* Supporting Files */,
			);
			path = "Zachary Shakked";
			sourceTree = "<group>";
		};
		4A15C3DC1ADDD217004EBEC3 /* Supporting Files */ = {
			isa = PBXGroup;
			children = (
				4A15C3DD1ADDD217004EBEC3 /* Info.plist */,
			);
			name = "Supporting Files";
			sourceTree = "<group>";
		};
		4A15C3F41ADDD217004EBEC3 /* Zachary ShakkedTests */ = {
			isa = PBXGroup;
			children = (
				4A15C3F71ADDD217004EBEC3 /* Zachary_ShakkedTests.swift */,
				4A15C3F51ADDD217004EBEC3 /* Supporting Files */,
			);
			path = "Zachary ShakkedTests";
			sourceTree = "<group>";
		};
		4A15C3F51ADDD217004EBEC3 /* Supporting Files */ = {
			isa = PBXGroup;
			children = (
				4A15C3F61ADDD217004EBEC3 /* Info.plist */,
			);
			name = "Supporting Files";
			sourceTree = "<group>";
		};
/* End PBXGroup section */

/* Begin PBXNativeTarget section */
		4A15C3D81ADDD217004EBEC3 /* Zachary Shakked */ = {
			isa = PBXNativeTarget;
			buildConfigurationList = 4A15C3FB1ADDD217004EBEC3 /* Build configuration list for PBXNativeTarget "Zachary Shakked" */;
			buildPhases = (
				4A15C3D51ADDD217004EBEC3 /* Sources */,
				4A15C3D61ADDD217004EBEC3 /* Frameworks */,
				4A15C3D71ADDD217004EBEC3 /* Resources */,
			);
			buildRules = (
			);
			dependencies = (
			);
			name = "Zachary Shakked";
			productName = "Zachary Shakked";
			productReference = 4A15C3D91ADDD217004EBEC3 /* Zachary Shakked.app */;
			productType = "com.apple.product-type.application";
		};
		4A15C3F01ADDD217004EBEC3 /* Zachary ShakkedTests */ = {
			isa = PBXNativeTarget;
			buildConfigurationList = 4A15C3FE1ADDD217004EBEC3 /* Build configuration list for PBXNativeTarget "Zachary ShakkedTests" */;
			buildPhases = (
				4A15C3ED1ADDD217004EBEC3 /* Sources */,
				4A15C3EE1ADDD217004EBEC3 /* Frameworks */,
				4A15C3EF1ADDD217004EBEC3 /* Resources */,
			);
			buildRules = (
			);
			dependencies = (
				4A15C3F31ADDD217004EBEC3 /* PBXTargetDependency */,
			);
			name = "Zachary ShakkedTests";
			productName = "Zachary ShakkedTests";
			productReference = 4A15C3F11ADDD217004EBEC3 /* Zachary ShakkedTests.xctest */;
			productType = "com.apple.product-type.bundle.unit-test";
		};
/* End PBXNativeTarget section */

/* Begin PBXProject section */
		4A15C3D11ADDD217004EBEC3 /* Project object */ = {
			isa = PBXProject;
			attributes = {
				LastUpgradeCheck = 0630;
				ORGANIZATIONNAME = "Shkeek Inc.";
				TargetAttributes = {
					4A15C3D81ADDD217004EBEC3 = {
						CreatedOnToolsVersion = 6.3;
					};
					4A15C3F01ADDD217004EBEC3 = {
						CreatedOnToolsVersion = 6.3;
						TestTargetID = 4A15C3D81ADDD217004EBEC3;
					};
				};
			};
			buildConfigurationList = 4A15C3D41ADDD217004EBEC3 /* Build configuration list for PBXProject "Zachary Shakked" */;
			compatibilityVersion = "Xcode 3.2";
			developmentRegion = English;
			hasScannedForEncodings = 0;
			knownRegions = (
				en,
				Base,
			);
			mainGroup = 4A15C3D01ADDD217004EBEC3;
			productRefGroup = 4A15C3DA1ADDD217004EBEC3 /* Products */;
			projectDirPath = "";
			projectRoot = "";
			targets = (
				4A15C3D81ADDD217004EBEC3 /* Zachary Shakked */,
				4A15C3F01ADDD217004EBEC3 /* Zachary ShakkedTests */,
			);
		};
/* End PBXProject section */

/* Begin PBXResourcesBuildPhase section */
		4A15C3D71ADDD217004EBEC3 /* Resources */ = {
			isa = PBXResourcesBuildPhase;
			buildActionMask = 2147483647;
			files = (
				4A15C3EC1ADDD217004EBEC3 /* LaunchScreen.xib in Resources */,
				4A15C3E91ADDD217004EBEC3 /* Images.xcassets in Resources */,
			);
			runOnlyForDeploymentPostprocessing = 0;
		};
		4A15C3EF1ADDD217004EBEC3 /* Resources */ = {
			isa = PBXResourcesBuildPhase;
			buildActionMask = 2147483647;
			files = (
			);
			runOnlyForDeploymentPostprocessing = 0;
		};
/* End PBXResourcesBuildPhase section */

/* Begin PBXSourcesBuildPhase section */
		4A15C3D51ADDD217004EBEC3 /* Sources */ = {
			isa = PBXSourcesBuildPhase;
			buildActionMask = 2147483647;
			files = (
				4A15C4041ADDD924004EBEC3 /* ZSSBall.swift in Sources */,
				4A15C3E41ADDD217004EBEC3 /* ViewController.swift in Sources */,
				4A15C3E21ADDD217004EBEC3 /* Zachary_Shakked.xcdatamodeld in Sources */,
				4A668BE61ADF25E10093CBF7 /* UIColor+Hex.swift in Sources */,
				4A15C4021ADDD8FA004EBEC3 /* ZSSHomeViewController.swift in Sources */,
				4A15C3DF1ADDD217004EBEC3 /* AppDelegate.swift in Sources */,
			);
			runOnlyForDeploymentPostprocessing = 0;
		};
		4A15C3ED1ADDD217004EBEC3 /* Sources */ = {
			isa = PBXSourcesBuildPhase;
			buildActionMask = 2147483647;
			files = (
				4A15C3F81ADDD217004EBEC3 /* Zachary_ShakkedTests.swift in Sources */,
			);
			runOnlyForDeploymentPostprocessing = 0;
		};
/* End PBXSourcesBuildPhase section */

/* Begin PBXTargetDependency section */
		4A15C3F31ADDD217004EBEC3 /* PBXTargetDependency */ = {
			isa = PBXTargetDependency;
			target = 4A15C3D81ADDD217004EBEC3 /* Zachary Shakked */;
			targetProxy = 4A15C3F21ADDD217004EBEC3 /* PBXContainerItemProxy */;
		};
/* End PBXTargetDependency section */

/* Begin PBXVariantGroup section */
		4A15C3EA1ADDD217004EBEC3 /* LaunchScreen.xib */ = {
			isa = PBXVariantGroup;
			children = (
				4A15C3EB1ADDD217004EBEC3 /* Base */,
			);
			name = LaunchScreen.xib;
			sourceTree = "<group>";
		};
/* End PBXVariantGroup section */

/* Begin XCBuildConfiguration section */
		4A15C3F91ADDD217004EBEC3 /* Debug */ = {
			isa = XCBuildConfiguration;
			buildSettings = {
				ALWAYS_SEARCH_USER_PATHS = NO;
				CLANG_CXX_LANGUAGE_STANDARD = "gnu++0x";
				CLANG_CXX_LIBRARY = "libc++";
				CLANG_ENABLE_MODULES = YES;
				CLANG_ENABLE_OBJC_ARC = YES;
				CLANG_WARN_BOOL_CONVERSION = YES;
				CLANG_WARN_CONSTANT_CONVERSION = YES;
				CLANG_WARN_DIRECT_OBJC_ISA_USAGE = YES_ERROR;
				CLANG_WARN_EMPTY_BODY = YES;
				CLANG_WARN_ENUM_CONVERSION = YES;
				CLANG_WARN_INT_CONVERSION = YES;
				CLANG_WARN_OBJC_ROOT_CLASS = YES_ERROR;
				CLANG_WARN_UNREACHABLE_CODE = YES;
				CLANG_WARN__DUPLICATE_METHOD_MATCH = YES;
				"CODE_SIGN_IDENTITY[sdk=iphoneos*]" = "iPhone Developer";
				COPY_PHASE_STRIP = NO;
				DEBUG_INFORMATION_FORMAT = "dwarf-with-dsym";
				ENABLE_STRICT_OBJC_MSGSEND = YES;
				GCC_C_LANGUAGE_STANDARD = gnu99;
				GCC_DYNAMIC_NO_PIC = NO;
				GCC_NO_COMMON_BLOCKS = YES;
				GCC_OPTIMIZATION_LEVEL = 0;
				GCC_PREPROCESSOR_DEFINITIONS = (
					"DEBUG=1",
					"$(inherited)",
				);
				GCC_SYMBOLS_PRIVATE_EXTERN = NO;
				GCC_WARN_64_TO_32_BIT_CONVERSION = YES;
				GCC_WARN_ABOUT_RETURN_TYPE = YES_ERROR;
				GCC_WARN_UNDECLARED_SELECTOR = YES;
				GCC_WARN_UNINITIALIZED_AUTOS = YES_AGGRESSIVE;
				GCC_WARN_UNUSED_FUNCTION = YES;
				GCC_WARN_UNUSED_VARIABLE = YES;
				IPHONEOS_DEPLOYMENT_TARGET = 8.3;
				MTL_ENABLE_DEBUG_INFO = YES;
				ONLY_ACTIVE_ARCH = YES;
				SDKROOT = iphoneos;
				SWIFT_OPTIMIZATION_LEVEL = "-Onone";
			};
			name = Debug;
		};
		4A15C3FA1ADDD217004EBEC3 /* Release */ = {
			isa = XCBuildConfiguration;
			buildSettings = {
				ALWAYS_SEARCH_USER_PATHS = NO;
				CLANG_CXX_LANGUAGE_STANDARD = "gnu++0x";
				CLANG_CXX_LIBRARY = "libc++";
				CLANG_ENABLE_MODULES = YES;
				CLANG_ENABLE_OBJC_ARC = YES;
				CLANG_WARN_BOOL_CONVERSION = YES;
				CLANG_WARN_CONSTANT_CONVERSION = YES;
				CLANG_WARN_DIRECT_OBJC_ISA_USAGE = YES_ERROR;
				CLANG_WARN_EMPTY_BODY = YES;
				CLANG_WARN_ENUM_CONVERSION = YES;
				CLANG_WARN_INT_CONVERSION = YES;
				CLANG_WARN_OBJC_ROOT_CLASS = YES_ERROR;
				CLANG_WARN_UNREACHABLE_CODE = YES;
				CLANG_WARN__DUPLICATE_METHOD_MATCH = YES;
				"CODE_SIGN_IDENTITY[sdk=iphoneos*]" = "iPhone Developer";
				COPY_PHASE_STRIP = NO;
				DEBUG_INFORMATION_FORMAT = "dwarf-with-dsym";
				ENABLE_NS_ASSERTIONS = NO;
				ENABLE_STRICT_OBJC_MSGSEND = YES;
				GCC_C_LANGUAGE_STANDARD = gnu99;
				GCC_NO_COMMON_BLOCKS = YES;
				GCC_WARN_64_TO_32_BIT_CONVERSION = YES;
				GCC_WARN_ABOUT_RETURN_TYPE = YES_ERROR;
				GCC_WARN_UNDECLARED_SELECTOR = YES;
				GCC_WARN_UNINITIALIZED_AUTOS = YES_AGGRESSIVE;
				GCC_WARN_UNUSED_FUNCTION = YES;
				GCC_WARN_UNUSED_VARIABLE = YES;
				IPHONEOS_DEPLOYMENT_TARGET = 8.3;
				MTL_ENABLE_DEBUG_INFO = NO;
				SDKROOT = iphoneos;
				VALIDATE_PRODUCT = YES;
			};
			name = Release;
		};
		4A15C3FC1ADDD217004EBEC3 /* Debug */ = {
			isa = XCBuildConfiguration;
			buildSettings = {
				ASSETCATALOG_COMPILER_APPICON_NAME = AppIcon;
				INFOPLIST_FILE = "Zachary Shakked/Info.plist";
				LD_RUNPATH_SEARCH_PATHS = "$(inherited) @executable_path/Frameworks";
				PRODUCT_NAME = "$(TARGET_NAME)";
			};
			name = Debug;
		};
		4A15C3FD1ADDD217004EBEC3 /* Release */ = {
			isa = XCBuildConfiguration;
			buildSettings = {
				ASSETCATALOG_COMPILER_APPICON_NAME = AppIcon;
				INFOPLIST_FILE = "Zachary Shakked/Info.plist";
				LD_RUNPATH_SEARCH_PATHS = "$(inherited) @executable_path/Frameworks";
				PRODUCT_NAME = "$(TARGET_NAME)";
			};
			name = Release;
		};
		4A15C3FF1ADDD217004EBEC3 /* Debug */ = {
			isa = XCBuildConfiguration;
			buildSettings = {
				BUNDLE_LOADER = "$(TEST_HOST)";
				FRAMEWORK_SEARCH_PATHS = (
					"$(SDKROOT)/Developer/Library/Frameworks",
					"$(inherited)",
				);
				GCC_PREPROCESSOR_DEFINITIONS = (
					"DEBUG=1",
					"$(inherited)",
				);
				INFOPLIST_FILE = "Zachary ShakkedTests/Info.plist";
				LD_RUNPATH_SEARCH_PATHS = "$(inherited) @executable_path/Frameworks @loader_path/Frameworks";
				PRODUCT_NAME = "$(TARGET_NAME)";
				TEST_HOST = "$(BUILT_PRODUCTS_DIR)/Zachary Shakked.app/Zachary Shakked";
			};
			name = Debug;
		};
		4A15C4001ADDD217004EBEC3 /* Release */ = {
			isa = XCBuildConfiguration;
			buildSettings = {
				BUNDLE_LOADER = "$(TEST_HOST)";
				FRAMEWORK_SEARCH_PATHS = (
					"$(SDKROOT)/Developer/Library/Frameworks",
					"$(inherited)",
				);
				INFOPLIST_FILE = "Zachary ShakkedTests/Info.plist";
				LD_RUNPATH_SEARCH_PATHS = "$(inherited) @executable_path/Frameworks @loader_path/Frameworks";
				PRODUCT_NAME = "$(TARGET_NAME)";
				TEST_HOST = "$(BUILT_PRODUCTS_DIR)/Zachary Shakked.app/Zachary Shakked";
			};
			name = Release;
		};
/* End XCBuildConfiguration section */

/* Begin XCConfigurationList section */
		4A15C3D41ADDD217004EBEC3 /* Build configuration list for PBXProject "Zachary Shakked" */ = {
			isa = XCConfigurationList;
			buildConfigurations = (
				4A15C3F91ADDD217004EBEC3 /* Debug */,
				4A15C3FA1ADDD217004EBEC3 /* Release */,
			);
			defaultConfigurationIsVisible = 0;
			defaultConfigurationName = Release;
		};
		4A15C3FB1ADDD217004EBEC3 /* Build configuration list for PBXNativeTarget "Zachary Shakked" */ = {
			isa = XCConfigurationList;
			buildConfigurations = (
				4A15C3FC1ADDD217004EBEC3 /* Debug */,
				4A15C3FD1ADDD217004EBEC3 /* Release */,
			);
			defaultConfigurationIsVisible = 0;
			defaultConfigurationName = Release;
		};
		4A15C3FE1ADDD217004EBEC3 /* Build configuration list for PBXNativeTarget "Zachary ShakkedTests" */ = {
			isa = XCConfigurationList;
			buildConfigurations = (
				4A15C3FF1ADDD217004EBEC3 /* Debug */,
				4A15C4001ADDD217004EBEC3 /* Release */,
			);
			defaultConfigurationIsVisible = 0;
			defaultConfigurationName = Release;
		};
/* End XCConfigurationList section */

/* Begin XCVersionGroup section */
		4A15C3E01ADDD217004EBEC3 /* Zachary_Shakked.xcdatamodeld */ = {
			isa = XCVersionGroup;
			children = (
				4A15C3E11ADDD217004EBEC3 /* Zachary_Shakked.xcdatamodel */,
			);
			currentVersion = 4A15C3E11ADDD217004EBEC3 /* Zachary_Shakked.xcdatamodel */;
			path = Zachary_Shakked.xcdatamodeld;
			sourceTree = "<group>";
			versionGroupType = wrapper.xcdatamodel;
		};
/* End XCVersionGroup section */
	};
	rootObject = 4A15C3D11ADDD217004EBEC3 /* Project object */;
}
